
Microsoft Visual Studio Solution File, Format Version 12.00
# Visual Studio Version 17
VisualStudioVersion = 17.4.33110.190
MinimumVisualStudioVersion = 10.0.40219.1
Project("{9A19103F-16F7-4668-BE54-9A1E7A4F7556}") = "CSharpIntro", "CSharpIntro\CSharpIntro.csproj", "{02A328A0-D3F9-4133-9BB7-541B9516BF3B}"
EndProject
Project("{FAE04EC0-301F-11D3-BF4B-00C04F79EFBC}") = "CSharpIntro.Tests", "CSharpIntro.Tests\CSharpIntro.Tests.csproj", "{EE8DB6A6-F389-4AFE-BD55-593597341EAD}"
EndProject
Global
	GlobalSection(SolutionConfigurationPlatforms) = preSolution
		Debug|Any CPU = Debug|Any CPU
		Release|Any CPU = Release|Any CPU
	EndGlobalSection
	GlobalSection(ProjectConfigurationPlatforms) = postSolution
		{02A328A0-D3F9-4133-9BB7-541B9516BF3B}.Debug|Any CPU.ActiveCfg = Debug|Any CPU
		{02A328A0-D3F9-4133-9BB7-541B9516BF3B}.Debug|Any CPU.Build.0 = Debug|Any CPU
		{02A328A0-D3F9-4133-9BB7-541B9516BF3B}.Release|Any CPU.ActiveCfg = Release|Any CPU
		{02A328A0-D3F9-4133-9BB7-541B9516BF3B}.Release|Any CPU.Build.0 = Release|Any CPU
		{EE8DB6A6-F389-4AFE-BD55-593597341EAD}.Debug|Any CPU.ActiveCfg = Debug|Any CPU
		{EE8DB6A6-F389-4AFE-BD55-593597341EAD}.Debug|Any CPU.Build.0 = Debug|Any CPU
		{EE8DB6A6-F389-4AFE-BD55-593597341EAD}.Release|Any CPU.ActiveCfg = Release|Any CPU
		{EE8DB6A6-F389-4AFE-BD55-593597341EAD}.Release|Any CPU.Build.0 = Release|Any CPU
	EndGlobalSection
	GlobalSection(SolutionProperties) = preSolution
		HideSolutionNode = FALSE
	EndGlobalSection
	GlobalSection(ExtensibilityGlobals) = postSolution
		SolutionGuid = {F90DB662-A994-4E48-8EFC-072CA329DF52}
	EndGlobalSection
EndGlobal
