
Microsoft Visual Studio Solution File, Format Version 12.00
# Visual Studio Version 17
VisualStudioVersion = 17.4.33110.190
MinimumVisualStudioVersion = 10.0.40219.1
Project("{FAE04EC0-301F-11D3-BF4B-00C04F79EFBC}") = "CSharpIntro", "CSharpIntro\CSharpIntro.csproj", "{02A328A0-D3F9-4133-9BB7-541B9516BF3B}"
EndProject
Global
	GlobalSection(SolutionConfigurationPlatforms) = preSolution
		Debug|Any CPU = Debug|Any CPU
		Release|Any CPU = Release|Any CPU
	EndGlobalSection
	GlobalSection(ProjectConfigurationPlatforms) = postSolution
		{02A328A0-D3F9-4133-9BB7-541B9516BF3B}.Debug|Any CPU.ActiveCfg = Debug|Any CPU
		{02A328A0-D3F9-4133-9BB7-541B9516BF3B}.Debug|Any CPU.Build.0 = Debug|Any CPU
		{02A328A0-D3F9-4133-9BB7-541B9516BF3B}.Release|Any CPU.ActiveCfg = Release|Any CPU
		{02A328A0-D3F9-4133-9BB7-541B9516BF3B}.Release|Any CPU.Build.0 = Release|Any CPU
	EndGlobalSection
	GlobalSection(SolutionProperties) = preSolution
		HideSolutionNode = FALSE
	EndGlobalSection
	GlobalSection(ExtensibilityGlobals) = postSolution
		SolutionGuid = {F90DB662-A994-4E48-8EFC-072CA329DF52}
	EndGlobalSection
EndGlobal
